
Microsoft Visual Studio Solution File, Format Version 12.00
# Visual Studio 14
VisualStudioVersion = 14.0.23107.0
MinimumVisualStudioVersion = 10.0.40219.1
Project("{FAE04EC0-301F-11D3-BF4B-00C04F79EFBC}") = "pract-1", "pract-1\pract-1.csproj", "{4D7F27A2-B9F4-457C-9ED3-4B248B1D57A3}"
EndProject
Global
	GlobalSection(SolutionConfigurationPlatforms) = preSolution
		Debug|Any CPU = Debug|Any CPU
		Release|Any CPU = Release|Any CPU
	EndGlobalSection
	GlobalSection(ProjectConfigurationPlatforms) = postSolution
		{4D7F27A2-B9F4-457C-9ED3-4B248B1D57A3}.Debug|Any CPU.ActiveCfg = Debug|Any CPU
		{4D7F27A2-B9F4-457C-9ED3-4B248B1D57A3}.Debug|Any CPU.Build.0 = Debug|Any CPU
		{4D7F27A2-B9F4-457C-9ED3-4B248B1D57A3}.Release|Any CPU.ActiveCfg = Release|Any CPU
		{4D7F27A2-B9F4-457C-9ED3-4B248B1D57A3}.Release|Any CPU.Build.0 = Release|Any CPU
	EndGlobalSection
	GlobalSection(SolutionProperties) = preSolution
		HideSolutionNode = FALSE
	EndGlobalSection
EndGlobal
